name: Terraform Force Unlock (Manual)

on:
  workflow_dispatch:
    inputs:
      lock_id:
        description: "Lock ID from Terraform logs"
        required: true

jobs:
  unlock:
    runs-on: ubuntu-latest
    timeout-minutes: 10
    env:
      TF_INPUT: "false"
      TF_IN_AUTOMATION: "true"

    steps:
      - uses: actions/checkout@v4

      - uses: hashicorp/setup-terraform@v3

      - uses: aws-actions/configure-aws-credentials@v4
        with:
          aws-access-key-id: ${{ secrets.AWS_ACCESS_KEY_ID }}
          aws-secret-access-key: ${{ secrets.AWS_SECRET_ACCESS_KEY }}
          aws-region: ${{ secrets.AWS_REGION }}

      - name: Terraform init
        run: terraform -chdir=envs/dev init -input=false

      - name: Force unlock
        run: terraform -chdir=envs/dev force-unlock -force ${{ github.event.inputs.lock_id }}
